
Microsoft Visual Studio Solution File, Format Version 12.00
# Visual Studio Version 17
VisualStudioVersion = 17.13.35806.99 d17.13
MinimumVisualStudioVersion = 10.0.40219.1
Project("{FAE04EC0-301F-11D3-BF4B-00C04F79EFBC}") = "MechanicShop", "MechanicShop.csproj", "{ABE85F66-FD1F-4AB1-8560-0377F3FEDD8F}"
EndProject
Global
	GlobalSection(SolutionConfigurationPlatforms) = preSolution
		Debug|Any CPU = Debug|Any CPU
		Release|Any CPU = Release|Any CPU
	EndGlobalSection
	GlobalSection(ProjectConfigurationPlatforms) = postSolution
		{ABE85F66-FD1F-4AB1-8560-0377F3FEDD8F}.Debug|Any CPU.ActiveCfg = Debug|Any CPU
		{ABE85F66-FD1F-4AB1-8560-0377F3FEDD8F}.Debug|Any CPU.Build.0 = Debug|Any CPU
		{ABE85F66-FD1F-4AB1-8560-0377F3FEDD8F}.Debug|Any CPU.Deploy.0 = Debug|Any CPU
		{ABE85F66-FD1F-4AB1-8560-0377F3FEDD8F}.Release|Any CPU.ActiveCfg = Release|Any CPU
		{ABE85F66-FD1F-4AB1-8560-0377F3FEDD8F}.Release|Any CPU.Build.0 = Release|Any CPU
		{ABE85F66-FD1F-4AB1-8560-0377F3FEDD8F}.Release|Any CPU.Deploy.0 = Release|Any CPU
	EndGlobalSection
	GlobalSection(SolutionProperties) = preSolution
		HideSolutionNode = FALSE
	EndGlobalSection
	GlobalSection(ExtensibilityGlobals) = postSolution
		SolutionGuid = {D4433D6B-4301-4FC6-8695-C3BE5135F49B}
	EndGlobalSection
EndGlobal
